{
  "requires": true,
  "lockfileVersion": 1,
  "dependencies": {
    "@envelop/core": {
      "version": "2.4.0",
      "resolved": "https://registry.npmjs.org/@envelop/core/-/core-2.4.0.tgz",
      "integrity": "sha512-ZA8d3sg69+IrZH0seB/HxHi+IYaOOu5OLzZBAHw7MrT2mBI0RyboM6QZv0gGvYJjQIUeJ1I2Zz4bqjOKNmgpxA==",
      "requires": {
        "@envelop/types": "2.3.0"
      }
    },
    "@envelop/parser-cache": {
      "version": "4.5.0",
      "resolved": "https://registry.npmjs.org/@envelop/parser-cache/-/parser-cache-4.5.0.tgz",
      "integrity": "sha512-PrMPLSYme/zpdSlRj+ZwWSitzUukf2vrHgrVnHBxc5I60N+kGXzg7SiddrTWM1BotqgEi5qSRd7AaiqgHQ6Hqg==",
      "requires": {
        "lru-cache": "^6.0.0"
      }
    },
    "@envelop/types": {
      "version": "2.3.0",
      "resolved": "https://registry.npmjs.org/@envelop/types/-/types-2.3.0.tgz",
      "integrity": "sha512-K20KxpGlY+HKenms4Kccuh/YcCm0ytj1Zk0Ak6b6hKA68JI4YQ2GwGMq7A7gSOb1MxlbKqrnVdeQdXaDpQfCmA=="
    },
    "@envelop/validation-cache": {
      "version": "4.5.0",
      "resolved": "https://registry.npmjs.org/@envelop/validation-cache/-/validation-cache-4.5.0.tgz",
      "integrity": "sha512-+vBW+IFaI8dk74xbg9f1wI8X43pB7/Ul4MUHsZJ21hpIlR/Ahu4+Jw5lydPa8lXEoCoK6EAm9ym8ClHBA5kKBQ==",
      "requires": {
        "lru-cache": "^6.0.0"
      }
    },
    "@graphql-tools/merge": {
      "version": "8.3.0",
      "resolved": "https://registry.npmjs.org/@graphql-tools/merge/-/merge-8.3.0.tgz",
      "integrity": "sha512-xRa7RAQok/0DD2YnjuqikMrr7dUAxTpdGtZ7BkvUUGhYs3B3p7reCAfvOVr1DJAqVToP7hdlMk+S5+Ylk+AaqA==",
      "requires": {
        "@graphql-tools/utils": "8.8.0",
        "tslib": "^2.4.0"
      }
    },
    "@graphql-tools/schema": {
      "version": "8.5.0",
      "resolved": "https://registry.npmjs.org/@graphql-tools/schema/-/schema-8.5.0.tgz",
      "integrity": "sha512-VeFtKjM3SA9/hCJJfr95aEdC3G0xIKM9z0Qdz4i+eC1g2fdZYnfWFt2ucW4IME+2TDd0enHlKzaV0qk2SLVUww==",
      "requires": {
        "@graphql-tools/merge": "8.3.0",
        "@graphql-tools/utils": "8.8.0",
        "tslib": "^2.4.0",
        "value-or-promise": "1.0.11"
      }
    },
    "@graphql-tools/utils": {
      "version": "8.8.0",
      "resolved": "https://registry.npmjs.org/@graphql-tools/utils/-/utils-8.8.0.tgz",
      "integrity": "sha512-KJrtx05uSM/cPYFdTnGAS1doL5bftJLAiFCDMZ8Vkifztz3BFn3gpFiy/o4wDtM8s39G46mxmt2Km/RmeltfGw==",
      "requires": {
        "tslib": "^2.4.0"
      }
    },
    "@graphql-typed-document-node/core": {
      "version": "3.1.1",
      "resolved": "https://registry.npmjs.org/@graphql-typed-document-node/core/-/core-3.1.1.tgz",
      "integrity": "sha512-NQ17ii0rK1b34VZonlmT2QMJFI70m0TRwbknO/ihlbatXyaktDhN/98vBiUU6kNBPljqGqyIrl2T4nY2RpFANg=="
    },
    "@graphql-yoga/common": {
      "version": "2.12.3",
      "resolved": "https://registry.npmjs.org/@graphql-yoga/common/-/common-2.12.3.tgz",
      "integrity": "sha512-enyyl4qyd7SRaTQ8mZehoYVn6yvxFx9MvCd7KcAEo50s0g8oFSQj72TjQZk7eS4llHQ8dfqPiROq2af1GMnsnA==",
      "requires": {
        "@envelop/core": "^2.4.0",
        "@envelop/parser-cache": "^4.4.0",
        "@envelop/validation-cache": "^4.4.0",
        "@graphql-tools/schema": "^8.5.0",
        "@graphql-tools/utils": "^8.8.0",
        "@graphql-typed-document-node/core": "^3.1.1",
        "@graphql-yoga/subscription": "^2.2.2",
        "cross-undici-fetch": "^0.4.13",
        "dset": "^3.1.1",
        "tslib": "^2.3.1"
      }
    },
    "@graphql-yoga/node": {
      "version": "2.13.4",
      "resolved": "https://registry.npmjs.org/@graphql-yoga/node/-/node-2.13.4.tgz",
      "integrity": "sha512-oxnEqIaqwm625h8xpI4dcLwk6l4yFQN/+tey5m7gW3blK21e2L2J78qGT9dG/1vITDggjM+z5A+WL+M9ztbkbw==",
      "requires": {
        "@envelop/core": "^2.4.0",
        "@graphql-tools/utils": "^8.8.0",
        "@graphql-yoga/common": "^2.12.3",
        "@graphql-yoga/subscription": "^2.2.2",
        "cross-undici-fetch": "^0.4.13",
        "tslib": "^2.3.1"
      }
    },
    "@graphql-yoga/subscription": {
      "version": "2.2.2",
      "resolved": "https://registry.npmjs.org/@graphql-yoga/subscription/-/subscription-2.2.2.tgz",
      "integrity": "sha512-830Aszxon2YDRW4+NXLjlh9ssP56hreMIA6vQIVCMzzQEbv4CnjPYDde6vVqCSZhJ51SvlJsVRYFbPEObEuzWw==",
      "requires": {
        "@graphql-yoga/typed-event-target": "^0.1.0",
        "@repeaterjs/repeater": "^3.0.4",
        "tslib": "^2.3.1"
      }
    },
    "@graphql-yoga/typed-event-target": {
      "version": "0.1.0",
      "resolved": "https://registry.npmjs.org/@graphql-yoga/typed-event-target/-/typed-event-target-0.1.0.tgz",
      "integrity": "sha512-3zsJSSUgrJalE1/KoNN1ga1jU6GhTyEnAWACMP2vFzr3hkVyhB3QIkAYaGOVu0sg87K67gfD8QblT+WFZbsX6g==",
      "requires": {
        "@repeaterjs/repeater": "^3.0.4",
        "tslib": "^2.3.1"
      }
    },
    "@next/env": {
      "version": "12.2.4",
      "resolved": "https://itvrepos.jfrog.io/itvrepos/api/npm/npm-itv/@next/env/-/env-12.2.4.tgz",
      "integrity": "sha512-/gApFXWk5CCLFQJL5IYJXxPQuG5tz5nPX4l27A9Zm/+wJxiwFrRSP54AopDxIv4JRp/rGwcgk/lZS/0Clw8jYA=="
    },
    "@next/swc-android-arm-eabi": {
      "version": "12.2.4",
      "resolved": "https://itvrepos.jfrog.io/itvrepos/api/npm/npm-itv/@next/swc-android-arm-eabi/-/swc-android-arm-eabi-12.2.4.tgz",
      "integrity": "sha512-P4YSFNpmXXSnn3P1qsOAqz+MX3On9fHrlc8ovb/CFJJoU+YLCR53iCEwfw39e0IZEgDA7ttgr108plF8mxaX0g==",
      "optional": true
    },
    "@next/swc-android-arm64": {
      "version": "12.2.4",
      "resolved": "https://itvrepos.jfrog.io/itvrepos/api/npm/npm-itv/@next/swc-android-arm64/-/swc-android-arm64-12.2.4.tgz",
      "integrity": "sha512-4o2n14E18O+8xHlf6dgJsWPXN9gmSmfIe2Z0EqKDIPBBkFt/2CyrH0+vwHnL2l7xkDHhOGfZYcYIWVUR5aNu0A==",
      "optional": true
    },
    "@next/swc-darwin-arm64": {
      "version": "12.2.4",
      "resolved": "https://itvrepos.jfrog.io/itvrepos/api/npm/npm-itv/@next/swc-darwin-arm64/-/swc-darwin-arm64-12.2.4.tgz",
      "integrity": "sha512-DcUO6MGBL9E3jj5o86MUnTOy4WawIJJhyCcFYO4f51sbl7+uPIYIx40eo98A6NwJEXazCqq1hLeqOaNTAIvDiQ==",
      "optional": true
    },
    "@next/swc-darwin-x64": {
      "version": "12.2.4",
      "resolved": "https://itvrepos.jfrog.io/itvrepos/api/npm/npm-itv/@next/swc-darwin-x64/-/swc-darwin-x64-12.2.4.tgz",
      "integrity": "sha512-IUlFMqeLjdIzDorrGC2Dt+2Ae3DbKQbRzCzmDq4/CP1+jJGeDXo/2AHnlE+WYnwQAC4KtAz6pbVnd3KstZWsVA==",
      "optional": true
    },
    "@next/swc-freebsd-x64": {
      "version": "12.2.4",
      "resolved": "https://itvrepos.jfrog.io/itvrepos/api/npm/npm-itv/@next/swc-freebsd-x64/-/swc-freebsd-x64-12.2.4.tgz",
      "integrity": "sha512-475vwyWcjnyDVDWLgAATP0HI8W1rwByc+uXk1B6KkAVFhkoDgH387LW0uNqxavK+VxCzj3avQXX/58XDvxtSlg==",
      "optional": true
    },
    "@next/swc-linux-arm-gnueabihf": {
      "version": "12.2.4",
      "resolved": "https://itvrepos.jfrog.io/itvrepos/api/npm/npm-itv/@next/swc-linux-arm-gnueabihf/-/swc-linux-arm-gnueabihf-12.2.4.tgz",
      "integrity": "sha512-qZW+L3iG3XSGtlOPmD5RRWXyk6ZNdscLV0BQjuDvP+exTg+uixqHXOHz0/GVATIJEBQOF0Kew7jAXVXEP+iRTQ==",
      "optional": true
    },
    "@next/swc-linux-arm64-gnu": {
      "version": "12.2.4",
      "resolved": "https://itvrepos.jfrog.io/itvrepos/api/npm/npm-itv/@next/swc-linux-arm64-gnu/-/swc-linux-arm64-gnu-12.2.4.tgz",
      "integrity": "sha512-fEPRjItWYaKyyG9N+2HIA59OBHIhk7WC+Rh+LwXsh0pQe870Ykpek3KQs0umjsrEGe57NyMomq3f80/N8taDvA==",
      "optional": true
    },
    "@next/swc-linux-arm64-musl": {
      "version": "12.2.4",
      "resolved": "https://itvrepos.jfrog.io/itvrepos/api/npm/npm-itv/@next/swc-linux-arm64-musl/-/swc-linux-arm64-musl-12.2.4.tgz",
      "integrity": "sha512-rnCTzXII0EBCcFn9P5s/Dho2kPUMSX/bP0iOAj8wEI/IxUEfEElbin89zJoNW30cycHu19xY8YP4K2+hzciPzQ==",
      "optional": true
    },
    "@next/swc-linux-x64-gnu": {
      "version": "12.2.4",
      "resolved": "https://itvrepos.jfrog.io/itvrepos/api/npm/npm-itv/@next/swc-linux-x64-gnu/-/swc-linux-x64-gnu-12.2.4.tgz",
      "integrity": "sha512-PhXX6NSuIuhHInxPY2VkG2Bl7VllsD3Cjx+pQcS1wTym7Zt7UoLvn05PkRrkiyIkvR+UXnqPUM3TYiSbnemXEw==",
      "optional": true
    },
    "@next/swc-linux-x64-musl": {
      "version": "12.2.4",
      "resolved": "https://itvrepos.jfrog.io/itvrepos/api/npm/npm-itv/@next/swc-linux-x64-musl/-/swc-linux-x64-musl-12.2.4.tgz",
      "integrity": "sha512-GmC/QROiUZpFirHRfPQqMyCXZ+5+ndbBZrMvL74HtQB/CKXB8K1VM+rvy9Gp/5OaU8Rxp48IcX79NOfI2LiXlA==",
      "optional": true
    },
    "@next/swc-win32-arm64-msvc": {
      "version": "12.2.4",
      "resolved": "https://itvrepos.jfrog.io/itvrepos/api/npm/npm-itv/@next/swc-win32-arm64-msvc/-/swc-win32-arm64-msvc-12.2.4.tgz",
      "integrity": "sha512-9XKoCXbNZuaMRPtcKQz3+hgVpkMosaLlcxHFXT8/j4w61k7/qvEbrkMDS9WHNrD/xVcLycwhPRgXcns2K1BdBQ==",
      "optional": true
    },
    "@next/swc-win32-ia32-msvc": {
      "version": "12.2.4",
      "resolved": "https://itvrepos.jfrog.io/itvrepos/api/npm/npm-itv/@next/swc-win32-ia32-msvc/-/swc-win32-ia32-msvc-12.2.4.tgz",
      "integrity": "sha512-hEyRieZKH9iw4AzvXaQ+Fyb98k0G/o9QcRGxA1/O/O/elf1+Qvuwb15phT8GbVtIeNziy66XTPOhKKfdr8KyUg==",
      "optional": true
    },
    "@next/swc-win32-x64-msvc": {
      "version": "12.2.4",
      "resolved": "https://itvrepos.jfrog.io/itvrepos/api/npm/npm-itv/@next/swc-win32-x64-msvc/-/swc-win32-x64-msvc-12.2.4.tgz",
      "integrity": "sha512-5Pl1tdMJWLy4rvzU1ecx0nHWgDPqoYuvYoXE/5X0Clu9si/yOuBIj573F2kOTY7mu0LX2wgCJVSnyK0abHBxIw==",
      "optional": true
    },
    "@repeaterjs/repeater": {
      "version": "3.0.4",
      "resolved": "https://registry.npmjs.org/@repeaterjs/repeater/-/repeater-3.0.4.tgz",
      "integrity": "sha512-AW8PKd6iX3vAZ0vA43nOUOnbq/X5ihgU+mSXXqunMkeQADGiqw/PY0JNeYtD5sr0PAy51YPgAPbDoeapv9r8WA=="
    },
    "@swc/helpers": {
      "version": "0.4.3",
      "resolved": "https://itvrepos.jfrog.io/itvrepos/api/npm/npm-itv/@swc/helpers/-/helpers-0.4.3.tgz",
      "integrity": "sha512-6JrF+fdUK2zbGpJIlN7G3v966PQjyx/dPt1T9km2wj+EUBqgrxCk3uX4Kct16MIm9gGxfKRcfax2hVf5jvlTzA==",
      "requires": {
        "tslib": "^2.4.0"
      }
    },
    "@types/node": {
      "version": "18.0.6",
      "resolved": "https://registry.npmjs.org/@types/node/-/node-18.0.6.tgz",
      "integrity": "sha512-/xUq6H2aQm261exT6iZTMifUySEt4GR5KX8eYyY+C4MSNPqSh9oNIP7tz2GLKTlFaiBbgZNxffoR3CVRG+cljw==",
      "dev": true
    },
    "@types/prop-types": {
      "version": "15.7.5",
      "resolved": "https://registry.npmjs.org/@types/prop-types/-/prop-types-15.7.5.tgz",
      "integrity": "sha512-JCB8C6SnDoQf0cNycqd/35A7MjcnK+ZTqE7judS6o7utxUCg6imJg3QK2qzHKszlTjcj2cn+NwMB2i96ubpj7w==",
      "dev": true
    },
    "@types/react": {
      "version": "18.0.15",
      "resolved": "https://registry.npmjs.org/@types/react/-/react-18.0.15.tgz",
      "integrity": "sha512-iz3BtLuIYH1uWdsv6wXYdhozhqj20oD4/Hk2DNXIn1kFsmp9x8d9QB6FnPhfkbhd2PgEONt9Q1x/ebkwjfFLow==",
      "dev": true,
      "requires": {
        "@types/prop-types": "*",
        "@types/scheduler": "*",
        "csstype": "^3.0.2"
      }
    },
    "@types/react-dom": {
      "version": "18.0.6",
      "resolved": "https://registry.npmjs.org/@types/react-dom/-/react-dom-18.0.6.tgz",
      "integrity": "sha512-/5OFZgfIPSwy+YuIBP/FgJnQnsxhZhjjrnxudMddeblOouIodEQ75X14Rr4wGSG/bknL+Omy9iWlLo1u/9GzAA==",
      "dev": true,
      "requires": {
        "@types/react": "*"
      }
    },
    "@types/scheduler": {
      "version": "0.16.2",
      "resolved": "https://registry.npmjs.org/@types/scheduler/-/scheduler-0.16.2.tgz",
      "integrity": "sha512-hppQEBDmlwhFAXKJX2KnWLYu5yMfi91yazPb2l+lbJiwW+wdo1gNeRA+3RgNSO39WYX2euey41KEwnqesU2Jew==",
      "dev": true
    },
    "abort-controller": {
      "version": "3.0.0",
      "resolved": "https://registry.npmjs.org/abort-controller/-/abort-controller-3.0.0.tgz",
      "integrity": "sha512-h8lQ8tacZYnR3vNQTgibj+tODHI5/+l06Au2Pcriv/Gmet0eaj4TwWH41sO9wnHDiQsEj19q0drzdWdeAHtweg==",
      "requires": {
        "event-target-shim": "^5.0.0"
      }
    },
    "anymatch": {
      "version": "3.1.2",
      "resolved": "https://itvrepos.jfrog.io/itvrepos/api/npm/npm-itv/anymatch/-/anymatch-3.1.2.tgz",
      "integrity": "sha512-P43ePfOAIupkguHUycrc4qJ9kz8ZiuOUijaETwX7THt0Y/GNK7v0aa8rY816xWjZ7rJdA5XdMcpVFTKMq+RvWg==",
      "requires": {
        "normalize-path": "^3.0.0",
        "picomatch": "^2.0.4"
      }
    },
    "binary-extensions": {
      "version": "2.2.0",
      "resolved": "https://itvrepos.jfrog.io/itvrepos/api/npm/npm-itv/binary-extensions/-/binary-extensions-2.2.0.tgz",
      "integrity": "sha512-jDctJ/IVQbZoJykoeHbhXpOlNBqGNcwXJKJog42E5HDPUwQTSdjCHdihjj0DlnheQ7blbT6dHOafNAiS8ooQKA=="
    },
    "braces": {
      "version": "3.0.2",
      "resolved": "https://itvrepos.jfrog.io/itvrepos/api/npm/npm-itv/braces/-/braces-3.0.2.tgz",
      "integrity": "sha512-b8um+L1RzM3WDSzvhm6gIz1yfTbBt6YTlcEKAvsmqCZZFw46z626lVj9j1yEPW33H5H+lBQpZMP1k8l+78Ha0A==",
      "requires": {
        "fill-range": "^7.0.1"
      }
    },
    "busboy": {
      "version": "1.6.0",
      "resolved": "https://registry.npmjs.org/busboy/-/busboy-1.6.0.tgz",
      "integrity": "sha512-8SFQbg/0hQ9xy3UNTB0YEnsNBbWfhf7RtnzpL7TkBiTBRfrQ9Fxcnz7VJsleJpyp6rVLvXiuORqjlHi5q+PYuA==",
      "requires": {
        "streamsearch": "^1.1.0"
      }
    },
    "caniuse-lite": {
      "version": "1.0.30001375",
      "resolved": "https://itvrepos.jfrog.io/itvrepos/api/npm/npm-itv/caniuse-lite/-/caniuse-lite-1.0.30001375.tgz",
      "integrity": "sha512-kWIMkNzLYxSvnjy0hL8w1NOaWNr2rn39RTAVyIwcw8juu60bZDWiF1/loOYANzjtJmy6qPgNmn38ro5Pygagdw=="
    },
    "chokidar": {
      "version": "3.5.3",
      "resolved": "https://itvrepos.jfrog.io/itvrepos/api/npm/npm-itv/chokidar/-/chokidar-3.5.3.tgz",
      "integrity": "sha512-Dr3sfKRP6oTcjf2JmUmFJfeVMvXBdegxB0iVQ5eb2V10uFJUCAS8OByZdVAyVb8xXNz3GjjTgj9kLWsZTqE6kw==",
      "requires": {
        "anymatch": "~3.1.2",
        "braces": "~3.0.2",
        "fsevents": "~2.3.2",
        "glob-parent": "~5.1.2",
        "is-binary-path": "~2.1.0",
        "is-glob": "~4.0.1",
        "normalize-path": "~3.0.0",
        "readdirp": "~3.6.0"
      }
    },
    "cross-undici-fetch": {
      "version": "0.4.14",
      "resolved": "https://registry.npmjs.org/cross-undici-fetch/-/cross-undici-fetch-0.4.14.tgz",
      "integrity": "sha512-CCep44A/baoO8kYJBIR1cRO/tRAk29xzb/tH3O85OtgwZGkL5I0tJZ47ccZdrnAJxrl5tlaYhAOx09fJXMcUqQ==",
      "requires": {
        "abort-controller": "^3.0.0",
        "busboy": "^1.6.0",
        "form-data-encoder": "^1.7.1",
        "formdata-node": "^4.3.1",
        "node-fetch": "^2.6.7",
        "undici": "5.5.1",
        "web-streams-polyfill": "^3.2.0"
      },
      "dependencies": {
        "node-fetch": {
          "version": "2.6.7",
          "resolved": "https://registry.npmjs.org/node-fetch/-/node-fetch-2.6.7.tgz",
          "integrity": "sha512-ZjMPFEfVx5j+y2yF35Kzx5sF7kDzxuDj6ziH4FFbOp87zKDZNx8yExJIb05OGF4Nlt9IHFIMBkRl41VdvcNdbQ==",
          "requires": {
            "whatwg-url": "^5.0.0"
          }
        }
      }
    },
    "csstype": {
      "version": "3.1.0",
      "resolved": "https://registry.npmjs.org/csstype/-/csstype-3.1.0.tgz",
      "integrity": "sha512-uX1KG+x9h5hIJsaKR9xHUeUraxf8IODOwq9JLNPq6BwB04a/xgpq3rcx47l5BZu5zBPlgD342tdke3Hom/nJRA==",
      "dev": true
    },
    "data-uri-to-buffer": {
      "version": "4.0.0",
      "resolved": "https://registry.npmjs.org/data-uri-to-buffer/-/data-uri-to-buffer-4.0.0.tgz",
      "integrity": "sha512-Vr3mLBA8qWmcuschSLAOogKgQ/Jwxulv3RNE4FXnYWRGujzrRWQI4m12fQqRkwX06C0KanhLr4hK+GydchZsaA=="
    },
    "dset": {
      "version": "3.1.2",
      "resolved": "https://registry.npmjs.org/dset/-/dset-3.1.2.tgz",
      "integrity": "sha512-g/M9sqy3oHe477Ar4voQxWtaPIFw1jTdKZuomOjhCcBx9nHUNn0pu6NopuFFrTh/TRZIKEj+76vLWFu9BNKk+Q=="
    },
    "event-target-shim": {
      "version": "5.0.1",
      "resolved": "https://registry.npmjs.org/event-target-shim/-/event-target-shim-5.0.1.tgz",
      "integrity": "sha512-i/2XbnSz/uxRCU6+NdVJgKWDTM427+MqYbkQzD321DuCQJUqOuJKIA0IM2+W2xtYHdKOmZ4dR6fExsd4SXL+WQ=="
    },
    "fetch-blob": {
      "version": "3.2.0",
      "resolved": "https://registry.npmjs.org/fetch-blob/-/fetch-blob-3.2.0.tgz",
      "integrity": "sha512-7yAQpD2UMJzLi1Dqv7qFYnPbaPx7ZfFK6PiIxQ4PfkGPyNyl2Ugx+a/umUonmKqjhM4DnfbMvdX6otXq83soQQ==",
      "requires": {
        "node-domexception": "^1.0.0",
        "web-streams-polyfill": "^3.0.3"
      }
    },
    "fill-range": {
      "version": "7.0.1",
      "resolved": "https://itvrepos.jfrog.io/itvrepos/api/npm/npm-itv/fill-range/-/fill-range-7.0.1.tgz",
      "integrity": "sha512-qOo9F+dMUmC2Lcb4BbVvnKJxTPjCm+RRpe4gDuGrzkL7mEVl/djYSu2OdQ2Pa302N4oqkSg9ir6jaLWJ2USVpQ==",
      "requires": {
        "to-regex-range": "^5.0.1"
      }
    },
    "form-data-encoder": {
      "version": "1.7.2",
      "resolved": "https://registry.npmjs.org/form-data-encoder/-/form-data-encoder-1.7.2.tgz",
      "integrity": "sha512-qfqtYan3rxrnCk1VYaA4H+Ms9xdpPqvLZa6xmMgFvhO32x7/3J/ExcTd6qpxM0vH2GdMI+poehyBZvqfMTto8A=="
    },
    "formdata-node": {
      "version": "4.3.3",
      "resolved": "https://registry.npmjs.org/formdata-node/-/formdata-node-4.3.3.tgz",
      "integrity": "sha512-coTew7WODO2vF+XhpUdmYz4UBvlsiTMSNaFYZlrXIqYbFd4W7bMwnoALNLE6uvNgzTg2j1JDF0ZImEfF06VPAA==",
      "requires": {
        "node-domexception": "1.0.0",
        "web-streams-polyfill": "4.0.0-beta.1"
      },
      "dependencies": {
        "web-streams-polyfill": {
          "version": "4.0.0-beta.1",
          "resolved": "https://registry.npmjs.org/web-streams-polyfill/-/web-streams-polyfill-4.0.0-beta.1.tgz",
          "integrity": "sha512-3ux37gEX670UUphBF9AMCq8XM6iQ8Ac6A+DSRRjDoRBm1ufCkaCDdNVbaqq60PsEkdNlLKrGtv/YBP4EJXqNtQ=="
        }
      }
    },
    "formdata-polyfill": {
      "version": "4.0.10",
      "resolved": "https://registry.npmjs.org/formdata-polyfill/-/formdata-polyfill-4.0.10.tgz",
      "integrity": "sha512-buewHzMvYL29jdeQTVILecSaZKnt/RJWjoZCF5OW60Z67/GmSLBkOFM7qh1PI3zFNtJbaZL5eQu1vLfazOwj4g==",
      "requires": {
        "fetch-blob": "^3.1.2"
      }
    },
    "fsevents": {
      "version": "2.3.2",
      "resolved": "https://itvrepos.jfrog.io/itvrepos/api/npm/npm-itv/fsevents/-/fsevents-2.3.2.tgz",
      "integrity": "sha512-xiqMQR4xAeHTuB9uWm+fFRcIOgKBMiOBP+eXiyT7jsgVCq1bkVygt00oASowB7EdtpOHaaPgKt812P9ab+DDKA==",
      "optional": true
    },
    "glob-parent": {
      "version": "5.1.2",
      "resolved": "https://itvrepos.jfrog.io/itvrepos/api/npm/npm-itv/glob-parent/-/glob-parent-5.1.2.tgz",
      "integrity": "sha512-AOIgSQCepiJYwP3ARnGx+5VnTu2HBYdzbGP45eLw1vr3zB3vZLeyed1sC9hnbcOc9/SrMyM5RPQrkGz4aS9Zow==",
      "requires": {
        "is-glob": "^4.0.1"
      }
    },
    "graphql": {
      "version": "16.5.0",
      "resolved": "https://registry.npmjs.org/graphql/-/graphql-16.5.0.tgz",
      "integrity": "sha512-qbHgh8Ix+j/qY+a/ZcJnFQ+j8ezakqPiHwPiZhV/3PgGlgf96QMBB5/f2rkiC9sgLoy/xvT6TSiaf2nTHJh5iA=="
    },
    "immutable": {
      "version": "4.1.0",
      "resolved": "https://itvrepos.jfrog.io/itvrepos/api/npm/npm-itv/immutable/-/immutable-4.1.0.tgz",
      "integrity": "sha512-oNkuqVTA8jqG1Q6c+UglTOD1xhC1BtjKI7XkCXRkZHrN5m18/XsnUp8Q89GkQO/z+0WjonSvl0FLhDYftp46nQ=="
    },
    "is-binary-path": {
      "version": "2.1.0",
      "resolved": "https://itvrepos.jfrog.io/itvrepos/api/npm/npm-itv/is-binary-path/-/is-binary-path-2.1.0.tgz",
      "integrity": "sha512-ZMERYes6pDydyuGidse7OsHxtbI7WVeUEozgR/g7rd0xUimYNlvZRE/K2MgZTjWy725IfelLeVcEM97mmtRGXw==",
      "requires": {
        "binary-extensions": "^2.0.0"
      }
    },
    "is-extglob": {
      "version": "2.1.1",
      "resolved": "https://itvrepos.jfrog.io/itvrepos/api/npm/npm-itv/is-extglob/-/is-extglob-2.1.1.tgz",
      "integrity": "sha512-SbKbANkN603Vi4jEZv49LeVJMn4yGwsbzZworEoyEiutsN3nJYdbO36zfhGJ6QEDpOZIFkDtnq5JRxmvl3jsoQ=="
    },
    "is-glob": {
      "version": "4.0.3",
      "resolved": "https://itvrepos.jfrog.io/itvrepos/api/npm/npm-itv/is-glob/-/is-glob-4.0.3.tgz",
      "integrity": "sha512-xelSayHH36ZgE7ZWhli7pW34hNbNl8Ojv5KVmkJD4hBdD3th8Tfk9vYasLM+mXWOZhFkgZfxhLSnrwRr4elSSg==",
      "requires": {
        "is-extglob": "^2.1.1"
      }
    },
    "is-number": {
      "version": "7.0.0",
      "resolved": "https://itvrepos.jfrog.io/itvrepos/api/npm/npm-itv/is-number/-/is-number-7.0.0.tgz",
      "integrity": "sha512-41Cifkg6e8TylSpdtTpeLVMqvSBEVzTttHvERD741+pnZ8ANv0004MRL43QKPDlK9cGvNp6NZWZUBlbGXYxxng=="
    },
    "js-tokens": {
      "version": "4.0.0",
      "resolved": "https://registry.npmjs.org/js-tokens/-/js-tokens-4.0.0.tgz",
      "integrity": "sha512-RdJUflcE3cUzKiMqQgsCu06FPu9UdIJO0beYbPhHN4k6apgJtifcoCtT9bcxOpYBtpD2kCM6Sbzg4CausW/PKQ=="
    },
    "loose-envify": {
      "version": "1.4.0",
      "resolved": "https://registry.npmjs.org/loose-envify/-/loose-envify-1.4.0.tgz",
      "integrity": "sha512-lyuxPGr/Wfhrlem2CL/UcnUc1zcqKAImBDzukY7Y5F/yQiNdko6+fRLevlw1HgMySw7f611UIY408EtxRSoK3Q==",
      "requires": {
        "js-tokens": "^3.0.0 || ^4.0.0"
      }
    },
    "lru-cache": {
      "version": "6.0.0",
      "resolved": "https://registry.npmjs.org/lru-cache/-/lru-cache-6.0.0.tgz",
      "integrity": "sha512-Jo6dJ04CmSjuznwJSS3pUeWmd/H0ffTlkXXgwZi+eq1UCmqQwCh+eLsYOYCwY991i2Fah4h1BEMCx4qThGbsiA==",
      "requires": {
        "yallist": "^4.0.0"
      }
    },
    "nanoid": {
      "version": "3.3.4",
      "resolved": "https://itvrepos.jfrog.io/itvrepos/api/npm/npm-itv/nanoid/-/nanoid-3.3.4.tgz",
      "integrity": "sha512-MqBkQh/OHTS2egovRtLk45wEyNXwF+cokD+1YPf9u5VfJiRdAiRwB2froX5Co9Rh20xs4siNPm8naNotSD6RBw=="
    },
    "next": {
      "version": "12.2.4",
      "resolved": "https://itvrepos.jfrog.io/itvrepos/api/npm/npm-itv/next/-/next-12.2.4.tgz",
      "integrity": "sha512-b1xlxEozmAWokAXzXsi5vlmU/IfJcFNIJA8dpU5UdkFbyDPio8wwb8mAQ/Y7rGtfTgG/t/u49BiyEA+xAgFvow==",
      "requires": {
        "@next/env": "12.2.4",
        "@next/swc-android-arm-eabi": "12.2.4",
        "@next/swc-android-arm64": "12.2.4",
        "@next/swc-darwin-arm64": "12.2.4",
        "@next/swc-darwin-x64": "12.2.4",
        "@next/swc-freebsd-x64": "12.2.4",
        "@next/swc-linux-arm-gnueabihf": "12.2.4",
        "@next/swc-linux-arm64-gnu": "12.2.4",
        "@next/swc-linux-arm64-musl": "12.2.4",
        "@next/swc-linux-x64-gnu": "12.2.4",
        "@next/swc-linux-x64-musl": "12.2.4",
        "@next/swc-win32-arm64-msvc": "12.2.4",
        "@next/swc-win32-ia32-msvc": "12.2.4",
        "@next/swc-win32-x64-msvc": "12.2.4",
        "@swc/helpers": "0.4.3",
        "caniuse-lite": "^1.0.30001332",
        "postcss": "8.4.14",
        "styled-jsx": "5.0.2",
        "use-sync-external-store": "1.2.0"
      }
    },
    "node-domexception": {
      "version": "1.0.0",
      "resolved": "https://registry.npmjs.org/node-domexception/-/node-domexception-1.0.0.tgz",
      "integrity": "sha512-/jKZoMpw0F8GRwl4/eLROPA3cfcXtLApP0QzLmUT/HuPCZWyB7IY9ZrMeKw2O/nFIqPQB3PVM9aYm0F312AXDQ=="
    },
    "node-fetch": {
      "version": "3.2.9",
      "resolved": "https://registry.npmjs.org/node-fetch/-/node-fetch-3.2.9.tgz",
      "integrity": "sha512-/2lI+DBecVvVm9tDhjziTVjo2wmTsSxSk58saUYP0P/fRJ3xxtfMDY24+CKTkfm0Dlhyn3CSXNL0SoRiCZ8Rzg==",
      "requires": {
        "data-uri-to-buffer": "^4.0.0",
        "fetch-blob": "^3.1.4",
        "formdata-polyfill": "^4.0.10"
      }
    },
    "normalize-path": {
      "version": "3.0.0",
      "resolved": "https://itvrepos.jfrog.io/itvrepos/api/npm/npm-itv/normalize-path/-/normalize-path-3.0.0.tgz",
      "integrity": "sha512-6eZs5Ls3WtCisHWp9S2GUy8dqkpGi4BVSz3GaqiE6ezub0512ESztXUwUB6C6IKbQkY2Pnb/mD4WYojCRwcwLA=="
    },
    "picocolors": {
      "version": "1.0.0",
      "resolved": "https://itvrepos.jfrog.io/itvrepos/api/npm/npm-itv/picocolors/-/picocolors-1.0.0.tgz",
      "integrity": "sha512-1fygroTLlHu66zi26VoTDv8yRgm0Fccecssto+MhsZ0D/DGW2sm8E8AjW7NU5VVTRt5GxbeZ5qBuJr+HyLYkjQ=="
    },
    "picomatch": {
      "version": "2.3.1",
      "resolved": "https://itvrepos.jfrog.io/itvrepos/api/npm/npm-itv/picomatch/-/picomatch-2.3.1.tgz",
      "integrity": "sha512-JU3teHTNjmE2VCGFzuY8EXzCDVwEqB2a8fsIvwaStHhAWJEeVd1o1QD80CU6+ZdEXXSLbSsuLwJjkCBWqRQUVA=="
    },
    "postcss": {
      "version": "8.4.14",
      "resolved": "https://itvrepos.jfrog.io/itvrepos/api/npm/npm-itv/postcss/-/postcss-8.4.14.tgz",
      "integrity": "sha512-E398TUmfAYFPBSdzgeieK2Y1+1cpdxJx8yXbK/m57nRhKSmk1GB2tO4lbLBtlkfPQTDKfe4Xqv1ASWPpayPEig==",
      "requires": {
        "nanoid": "^3.3.4",
        "picocolors": "^1.0.0",
        "source-map-js": "^1.0.2"
      }
    },
    "react": {
      "version": "18.2.0",
      "resolved": "https://registry.npmjs.org/react/-/react-18.2.0.tgz",
      "integrity": "sha512-/3IjMdb2L9QbBdWiW5e3P2/npwMBaU9mHCSCUzNln0ZCYbcfTsGbTJrU/kGemdH2IWmB2ioZ+zkxtmq6g09fGQ==",
      "requires": {
        "loose-envify": "^1.1.0"
      }
    },
    "react-dom": {
      "version": "18.2.0",
      "resolved": "https://registry.npmjs.org/react-dom/-/react-dom-18.2.0.tgz",
      "integrity": "sha512-6IMTriUmvsjHUjNtEDudZfuDQUoWXVxKHhlEGSk81n4YFS+r/Kl99wXiwlVXtPBtJenozv2P+hxDsw9eA7Xo6g==",
      "requires": {
        "loose-envify": "^1.1.0",
        "scheduler": "^0.23.0"
      }
    },
    "readdirp": {
      "version": "3.6.0",
      "resolved": "https://itvrepos.jfrog.io/itvrepos/api/npm/npm-itv/readdirp/-/readdirp-3.6.0.tgz",
      "integrity": "sha512-hOS089on8RduqdbhvQ5Z37A0ESjsqz6qnRcffsMU3495FuTdqSm+7bhJ29JvIOsBDEEnan5DPu9t3To9VRlMzA==",
      "requires": {
        "picomatch": "^2.2.1"
      }
    },
    "sass": {
      "version": "1.54.4",
      "resolved": "https://itvrepos.jfrog.io/itvrepos/api/npm/npm-itv/sass/-/sass-1.54.4.tgz",
      "integrity": "sha512-3tmF16yvnBwtlPrNBHw/H907j8MlOX8aTBnlNX1yrKx24RKcJGPyLhFUwkoKBKesR3unP93/2z14Ll8NicwQUA==",
      "requires": {
        "chokidar": ">=3.0.0 <4.0.0",
        "immutable": "^4.0.0",
        "source-map-js": ">=0.6.2 <2.0.0"
      }
    },
    "scheduler": {
      "version": "0.23.0",
      "resolved": "https://registry.npmjs.org/scheduler/-/scheduler-0.23.0.tgz",
      "integrity": "sha512-CtuThmgHNg7zIZWAXi3AsyIzA3n4xx7aNyjwC2VJldO2LMVDhFK+63xGqq6CsJH4rTAt6/M+N4GhZiDYPx9eUw==",
      "requires": {
        "loose-envify": "^1.1.0"
      }
    },
    "source-map-js": {
      "version": "1.0.2",
      "resolved": "https://itvrepos.jfrog.io/itvrepos/api/npm/npm-itv/source-map-js/-/source-map-js-1.0.2.tgz",
      "integrity": "sha512-R0XvVJ9WusLiqTCEiGCmICCMplcCkIwwR11mOSD9CR5u+IXYdiseeEuXCVAjS54zqwkLcPNnmU4OeJ6tUrWhDw=="
    },
    "streamsearch": {
      "version": "1.1.0",
      "resolved": "https://registry.npmjs.org/streamsearch/-/streamsearch-1.1.0.tgz",
      "integrity": "sha512-Mcc5wHehp9aXz1ax6bZUyY5afg9u2rv5cqQI3mRrYkGC8rW2hM02jWuwjtL++LS5qinSyhj2QfLyNsuc+VsExg=="
    },
    "styled-jsx": {
      "version": "5.0.2",
      "resolved": "https://itvrepos.jfrog.io/itvrepos/api/npm/npm-itv/styled-jsx/-/styled-jsx-5.0.2.tgz",
      "integrity": "sha512-LqPQrbBh3egD57NBcHET4qcgshPks+yblyhPlH2GY8oaDgKs8SK4C3dBh3oSJjgzJ3G5t1SYEZGHkP+QEpX9EQ=="
    },
    "swr": {
      "version": "1.3.0",
      "resolved": "https://registry.npmjs.org/swr/-/swr-1.3.0.tgz",
      "integrity": "sha512-dkghQrOl2ORX9HYrMDtPa7LTVHJjCTeZoB1dqTbnnEDlSvN8JEKpYIYurDfvbQFUUS8Cg8PceFVZNkW0KNNYPw=="
    },
    "to-regex-range": {
      "version": "5.0.1",
      "resolved": "https://itvrepos.jfrog.io/itvrepos/api/npm/npm-itv/to-regex-range/-/to-regex-range-5.0.1.tgz",
      "integrity": "sha512-65P7iz6X5yEr1cwcgvQxbbIw7Uk3gOy5dIdtZ4rDveLqhrdJP+Li/Hx6tyK0NEb+2GCyneCMJiGqrADCSNk8sQ==",
      "requires": {
        "is-number": "^7.0.0"
      }
    },
    "tr46": {
      "version": "0.0.3",
      "resolved": "https://registry.npmjs.org/tr46/-/tr46-0.0.3.tgz",
      "integrity": "sha512-N3WMsuqV66lT30CrXNbEjx4GEwlow3v6rr4mCcv6prnfwhS01rkgyFdjPNBYd9br7LpXV1+Emh01fHnq2Gdgrw=="
    },
    "tslib": {
      "version": "2.4.0",
      "resolved": "https://registry.npmjs.org/tslib/-/tslib-2.4.0.tgz",
      "integrity": "sha512-d6xOpEDfsi2CZVlPQzGeux8XMwLT9hssAsaPYExaQMuYskwb+x1x7J371tWlbBdWHroy99KnVB6qIkUbs5X3UQ=="
    },
    "typescript": {
      "version": "4.7.4",
      "resolved": "https://registry.npmjs.org/typescript/-/typescript-4.7.4.tgz",
      "integrity": "sha512-C0WQT0gezHuw6AdY1M2jxUO83Rjf0HP7Sk1DtXj6j1EwkQNZrHAg2XPWlq62oqEhYvONq5pkC2Y9oPljWToLmQ==",
      "dev": true
    },
    "undici": {
      "version": "5.5.1",
      "resolved": "https://registry.npmjs.org/undici/-/undici-5.5.1.tgz",
      "integrity": "sha512-MEvryPLf18HvlCbLSzCW0U00IMftKGI5udnjrQbC5D4P0Hodwffhv+iGfWuJwg16Y/TK11ZFK8i+BPVW2z/eAw=="
    },
    "use-sync-external-store": {
      "version": "1.2.0",
      "resolved": "https://itvrepos.jfrog.io/itvrepos/api/npm/npm-itv/use-sync-external-store/-/use-sync-external-store-1.2.0.tgz",
      "integrity": "sha512-eEgnFxGQ1Ife9bzYs6VLi8/4X6CObHMw9Qr9tPY43iKwsPw8xE8+EFsf/2cFZ5S3esXgpWgtSCtLNS41F+sKPA=="
    },
    "value-or-promise": {
      "version": "1.0.11",
      "resolved": "https://registry.npmjs.org/value-or-promise/-/value-or-promise-1.0.11.tgz",
      "integrity": "sha512-41BrgH+dIbCFXClcSapVs5M6GkENd3gQOJpEfPDNa71LsUGMXDL0jMWpI/Rh7WhX+Aalfz2TTS3Zt5pUsbnhLg=="
    },
    "web-streams-polyfill": {
      "version": "3.2.1",
      "resolved": "https://registry.npmjs.org/web-streams-polyfill/-/web-streams-polyfill-3.2.1.tgz",
      "integrity": "sha512-e0MO3wdXWKrLbL0DgGnUV7WHVuw9OUvL4hjgnPkIeEvESk74gAITi5G606JtZPp39cd8HA9VQzCIvA49LpPN5Q=="
    },
    "webidl-conversions": {
      "version": "3.0.1",
      "resolved": "https://registry.npmjs.org/webidl-conversions/-/webidl-conversions-3.0.1.tgz",
      "integrity": "sha512-2JAn3z8AR6rjK8Sm8orRC0h/bcl/DqL7tRPdGZ4I1CjdF+EaMLmYxBHyXuKL849eucPFhvBoxMsflfOb8kxaeQ=="
    },
    "whatwg-url": {
      "version": "5.0.0",
      "resolved": "https://registry.npmjs.org/whatwg-url/-/whatwg-url-5.0.0.tgz",
      "integrity": "sha512-saE57nupxk6v3HY35+jzBwYa0rKSy0XR8JSxZPwgLr7ys0IBzhGviA1/TUGJLmSVqs8pb9AnvICXEuOHLprYTw==",
      "requires": {
        "tr46": "~0.0.3",
        "webidl-conversions": "^3.0.0"
      }
    },
    "yallist": {
      "version": "4.0.0",
      "resolved": "https://registry.npmjs.org/yallist/-/yallist-4.0.0.tgz",
      "integrity": "sha512-3wdGidZyq5PB084XLES5TpOSRA3wjXAlIWMhum2kRcv/41Sn2emQ0dycQW4uZXLejwKvg6EsvbdlVL+FYEct7A=="
    }
  }
}
